
Microsoft Visual Studio Solution File, Format Version 12.00
# Visual Studio Version 16
VisualStudioVersion = 16.0.29509.3
MinimumVisualStudioVersion = 10.0.40219.1
Project("{FAE04EC0-301F-11D3-BF4B-00C04F79EFBC}") = "ftb-backup", "ftb-backup\ftb-backup.csproj", "{9EC95366-39DD-4936-A76F-7E2E556097F5}"
EndProject
Global
	GlobalSection(SolutionConfigurationPlatforms) = preSolution
		Debug|Any CPU = Debug|Any CPU
		Release|Any CPU = Release|Any CPU
	EndGlobalSection
	GlobalSection(ProjectConfigurationPlatforms) = postSolution
		{9EC95366-39DD-4936-A76F-7E2E556097F5}.Debug|Any CPU.ActiveCfg = Debug|Any CPU
		{9EC95366-39DD-4936-A76F-7E2E556097F5}.Debug|Any CPU.Build.0 = Debug|Any CPU
		{9EC95366-39DD-4936-A76F-7E2E556097F5}.Release|Any CPU.ActiveCfg = Release|Any CPU
		{9EC95366-39DD-4936-A76F-7E2E556097F5}.Release|Any CPU.Build.0 = Release|Any CPU
	EndGlobalSection
	GlobalSection(SolutionProperties) = preSolution
		HideSolutionNode = FALSE
	EndGlobalSection
	GlobalSection(ExtensibilityGlobals) = postSolution
		SolutionGuid = {5DC0E4B7-B771-4430-905C-8BE345148A35}
	EndGlobalSection
EndGlobal
